
Microsoft Visual Studio Solution File, Format Version 12.00
# Visual Studio Version 16
VisualStudioVersion = 16.0.30204.135
MinimumVisualStudioVersion = 10.0.40219.1
Project("{9092AA53-FB77-4645-B42D-1CCCA6BD08BD}") = "twitch-client-authentication", "twitch-client-authentication.njsproj", "{CF259975-288F-4B40-9ACD-8447D351061C}"
EndProject
Global
	GlobalSection(SolutionConfigurationPlatforms) = preSolution
		Debug|Any CPU = Debug|Any CPU
		Release|Any CPU = Release|Any CPU
	EndGlobalSection
	GlobalSection(ProjectConfigurationPlatforms) = postSolution
		{CF259975-288F-4B40-9ACD-8447D351061C}.Debug|Any CPU.ActiveCfg = Debug|Any CPU
		{CF259975-288F-4B40-9ACD-8447D351061C}.Debug|Any CPU.Build.0 = Debug|Any CPU
		{CF259975-288F-4B40-9ACD-8447D351061C}.Release|Any CPU.ActiveCfg = Release|Any CPU
		{CF259975-288F-4B40-9ACD-8447D351061C}.Release|Any CPU.Build.0 = Release|Any CPU
	EndGlobalSection
	GlobalSection(SolutionProperties) = preSolution
		HideSolutionNode = FALSE
	EndGlobalSection
	GlobalSection(ExtensibilityGlobals) = postSolution
		SolutionGuid = {C002F77A-0E85-41FF-B7DC-E1CE104CE201}
	EndGlobalSection
EndGlobal
